<?xml version="1.0" encoding="utf-8"?>
<Project ToolsVersion="4.0" xmlns="http://schemas.microsoft.com/developer/msbuild/2003">
  <ItemGroup>
    <Filter Include="소스 파일">
      <UniqueIdentifier>{4FC737F1-C7A5-4376-A066-2A32D752A2FF}</UniqueIdentifier>
      <Extensions>cpp;c;cc;cxx;def;odl;idl;hpj;bat;asm;asmx</Extensions>
    </Filter>
    <Filter Include="헤더 파일">
      <UniqueIdentifier>{93995380-89BD-4b04-88EB-625FBE52EBFB}</UniqueIdentifier>
      <Extensions>h;hh;hpp;hxx;hm;inl;inc;xsd</Extensions>
    </Filter>
    <Filter Include="리소스 파일">
      <UniqueIdentifier>{67DA6AB6-F800-4c08-8B7A-83BB121AAD01}</UniqueIdentifier>
      <Extensions>rc;ico;cur;bmp;dlg;rc2;rct;bin;rgs;gif;jpg;jpeg;jpe;resx;tiff;tif;png;wav;mfcribbon-ms</Extensions>
    </Filter>
    <Filter Include="소스 파일\Part1">
      <UniqueIdentifier>{39a79e6f-8e18-44eb-a6f4-298b5d1b14af}</UniqueIdentifier>
    </Filter>
    <Filter Include="소스 파일\Part2">
      <UniqueIdentifier>{9b4861b2-18c3-4cf5-9761-62f9c1367789}</UniqueIdentifier>
    </Filter>
    <Filter Include="소스 파일\Part3">
      <UniqueIdentifier>{4181d485-e454-4402-a1f6-38d00aa410a9}</UniqueIdentifier>
    </Filter>
    <Filter Include="소스 파일\Part4">
      <UniqueIdentifier>{4a227660-b3af-4849-9204-d84d10492ef4}</UniqueIdentifier>
    </Filter>
    <Filter Include="소스 파일\Part5">
      <UniqueIdentifier>{37f5b9ec-31da-427a-b60d-380700af1067}</UniqueIdentifier>
    </Filter>
    <Filter Include="소스 파일\Part6">
      <UniqueIdentifier>{6374d9e1-add7-4de3-97cf-7452d12ec2e0}</UniqueIdentifier>
    </Filter>
    <Filter Include="소스 파일\Part7">
      <UniqueIdentifier>{afa8e048-7387-4251-9d40-8c5a9477e5ca}</UniqueIdentifier>
    </Filter>
    <Filter Include="소스 파일\Part8">
      <UniqueIdentifier>{c4893478-c669-432c-8e16-9028a0a79c06}</UniqueIdentifier>
    </Filter>
    <Filter Include="소스 파일\Part9">
      <UniqueIdentifier>{ae2f8af0-8722-48dc-9609-305f10c4c884}</UniqueIdentifier>
    </Filter>
    <Filter Include="소스 파일\part10">
      <UniqueIdentifier>{a6c72298-a11a-4f10-8b98-5f9487406b25}</UniqueIdentifier>
    </Filter>
  </ItemGroup>
  <ItemGroup>
    <ClCompile Include="part1_4_2.c">
      <Filter>소스 파일\Part1</Filter>
    </ClCompile>
    <ClCompile Include="part1_4.c">
      <Filter>소스 파일\Part1</Filter>
    </ClCompile>
    <ClCompile Include="part2_5_1.c">
      <Filter>소스 파일\Part2</Filter>
    </ClCompile>
    <ClCompile Include="part2_5_2.c">
      <Filter>소스 파일\Part2</Filter>
    </ClCompile>
    <ClCompile Include="part_2_6.c">
      <Filter>소스 파일\Part2</Filter>
    </ClCompile>
    <ClCompile Include="part2_7.cpp">
      <Filter>소스 파일\Part2</Filter>
    </ClCompile>
    <ClCompile Include="part2_8.c">
      <Filter>소스 파일\Part2</Filter>
    </ClCompile>
    <ClCompile Include="part3_9.c">
      <Filter>소스 파일\Part3</Filter>
    </ClCompile>
    <ClCompile Include="part3_10.c">
      <Filter>소스 파일\Part3</Filter>
    </ClCompile>
    <ClCompile Include="part5_12.c">
      <Filter>소스 파일\Part4</Filter>
    </ClCompile>
    <ClCompile Include="part5_12_2.c">
      <Filter>소스 파일\Part4</Filter>
    </ClCompile>
    <ClCompile Include="part4_13.c">
      <Filter>소스 파일\Part4</Filter>
    </ClCompile>
    <ClCompile Include="part4_14.c">
      <Filter>소스 파일\Part4</Filter>
    </ClCompile>
    <ClCompile Include="part5_1.c">
      <Filter>소스 파일\Part5</Filter>
    </ClCompile>
    <ClCompile Include="part5_2.c">
      <Filter>소스 파일\Part5</Filter>
    </ClCompile>
    <ClCompile Include="part5_3.c">
      <Filter>소스 파일\Part5</Filter>
    </ClCompile>
    <ClCompile Include="part6_19.c">
      <Filter>소스 파일\Part6</Filter>
    </ClCompile>
    <ClCompile Include="part6_20.c">
      <Filter>소스 파일\Part6</Filter>
    </ClCompile>
    <ClCompile Include="part6_21.c">
      <Filter>소스 파일\Part6</Filter>
    </ClCompile>
    <ClCompile Include="part6_22.c">
      <Filter>소스 파일\Part6</Filter>
    </ClCompile>
    <ClCompile Include="part6_23.c">
      <Filter>소스 파일\Part6</Filter>
    </ClCompile>
    <ClCompile Include="part7_26.c">
      <Filter>소스 파일\Part7</Filter>
    </ClCompile>
    <ClCompile Include="part8_27.c">
      <Filter>소스 파일\Part8</Filter>
    </ClCompile>
    <ClCompile Include="part9_35.c">
      <Filter>소스 파일\Part9</Filter>
    </ClCompile>
    <ClCompile Include="part9_35_.c">
      <Filter>소스 파일\Part9</Filter>
    </ClCompile>
    <ClCompile Include="part10_36_1.c">
      <Filter>소스 파일\part10</Filter>
    </ClCompile>
    <ClCompile Include="part10_36_2.c">
      <Filter>소스 파일\part10</Filter>
    </ClCompile>
    <ClCompile Include="part10_37.c">
      <Filter>소스 파일\part10</Filter>
    </ClCompile>
    <ClCompile Include="part10_38.c">
      <Filter>소스 파일\part10</Filter>
    </ClCompile>
    <ClCompile Include="part10_40.c">
      <Filter>소스 파일\part10</Filter>
    </ClCompile>
  </ItemGroup>
  <ItemGroup>
    <ClInclude Include="part9_35.h">
      <Filter>헤더 파일</Filter>
    </ClInclude>
  </ItemGroup>
</Project>